// !$*UTF8*$!
{
	archiveVersion = 1;
	classes = {
	};
	objectVersion = 50;
	objects = {

/* Begin PBXBuildFile section */
		1302CD5725D34B58006EA651 /* BookItem.swift in Sources */ = {isa = PBXBuildFile; fileRef = 1302CD5625D34B58006EA651 /* BookItem.swift */; };
		1302CD5F25D35F2C006EA651 /* ContinueBooksCVC.swift in Sources */ = {isa = PBXBuildFile; fileRef = 1302CD5E25D35F2C006EA651 /* ContinueBooksCVC.swift */; };
		1302CD6425D36CDB006EA651 /* ContinueLisitningHeader.swift in Sources */ = {isa = PBXBuildFile; fileRef = 1302CD6325D36CDB006EA651 /* ContinueLisitningHeader.swift */; };
		1302CD6E25D36FC7006EA651 /* Montserrat-SemiBold.ttf in Resources */ = {isa = PBXBuildFile; fileRef = 1302CD6B25D36FC7006EA651 /* Montserrat-SemiBold.ttf */; };
		1302CD6F25D36FC7006EA651 /* Montserrat-Bold.ttf in Resources */ = {isa = PBXBuildFile; fileRef = 1302CD6C25D36FC7006EA651 /* Montserrat-Bold.ttf */; };
		1302CD7025D36FC7006EA651 /* Montserrat-Regular.ttf in Resources */ = {isa = PBXBuildFile; fileRef = 1302CD6D25D36FC7006EA651 /* Montserrat-Regular.ttf */; };
		1334D1AC25E48D3B00FFD261 /* AudioBookVC.swift in Sources */ = {isa = PBXBuildFile; fileRef = 1334D1AB25E48D3B00FFD261 /* AudioBookVC.swift */; };
		1334D1B125E48FE700FFD261 /* AudioBookView.swift in Sources */ = {isa = PBXBuildFile; fileRef = 1334D1B025E48FE700FFD261 /* AudioBookView.swift */; };
		13460AD325E5E025008D4E66 /* UIViewController+Preview.swift .swift in Sources */ = {isa = PBXBuildFile; fileRef = 13460AD225E5E025008D4E66 /* UIViewController+Preview.swift .swift */; };
		13460ADB25E5E0AE008D4E66 /* UIView+Preview.swift in Sources */ = {isa = PBXBuildFile; fileRef = 13460ADA25E5E0AE008D4E66 /* UIView+Preview.swift */; };
		136B47B825DCA5E6003C5397 /* Montserrat-Medium.ttf in Resources */ = {isa = PBXBuildFile; fileRef = 136B47B725DCA5E6003C5397 /* Montserrat-Medium.ttf */; };
		1391536B25D1827D00ACFD90 /* AppDelegate.swift in Sources */ = {isa = PBXBuildFile; fileRef = 1391536A25D1827D00ACFD90 /* AppDelegate.swift */; };
		1391536D25D1827D00ACFD90 /* SceneDelegate.swift in Sources */ = {isa = PBXBuildFile; fileRef = 1391536C25D1827D00ACFD90 /* SceneDelegate.swift */; };
		1391536F25D1827D00ACFD90 /* AudioBookslistVC.swift in Sources */ = {isa = PBXBuildFile; fileRef = 1391536E25D1827D00ACFD90 /* AudioBookslistVC.swift */; };
		1391537425D1827F00ACFD90 /* Assets.xcassets in Resources */ = {isa = PBXBuildFile; fileRef = 1391537325D1827F00ACFD90 /* Assets.xcassets */; };
		1391537725D1827F00ACFD90 /* LaunchScreen.storyboard in Resources */ = {isa = PBXBuildFile; fileRef = 1391537525D1827F00ACFD90 /* LaunchScreen.storyboard */; };
		1391538225D1827F00ACFD90 /* Esm3nyTests.swift in Sources */ = {isa = PBXBuildFile; fileRef = 1391538125D1827F00ACFD90 /* Esm3nyTests.swift */; };
		1391538D25D1827F00ACFD90 /* Esm3nyUITests.swift in Sources */ = {isa = PBXBuildFile; fileRef = 1391538C25D1827F00ACFD90 /* Esm3nyUITests.swift */; };
		139153AE25D18A8700ACFD90 /* VerticalStackView.swift in Sources */ = {isa = PBXBuildFile; fileRef = 139153AB25D18A8700ACFD90 /* VerticalStackView.swift */; };
		139153AF25D18A8700ACFD90 /* UIView+Layout.swift in Sources */ = {isa = PBXBuildFile; fileRef = 139153AC25D18A8700ACFD90 /* UIView+Layout.swift */; };
		139153B025D18A8700ACFD90 /* AnchoredConstraints.swift in Sources */ = {isa = PBXBuildFile; fileRef = 139153AD25D18A8700ACFD90 /* AnchoredConstraints.swift */; };
		139153BD25D2D3B800ACFD90 /* Extentions.swift in Sources */ = {isa = PBXBuildFile; fileRef = 139153BC25D2D3B800ACFD90 /* Extentions.swift */; };
		13D5EA4525DB4C500028C8F8 /* AKFloatTabBar.swift in Sources */ = {isa = PBXBuildFile; fileRef = 13D5EA4325DB4C500028C8F8 /* AKFloatTabBar.swift */; };
		13D5EA4625DB4C500028C8F8 /* AKFloatTabBarItem.swift in Sources */ = {isa = PBXBuildFile; fileRef = 13D5EA4425DB4C500028C8F8 /* AKFloatTabBarItem.swift */; };
		13D5EA5225DB55BD0028C8F8 /* TopBooksCVC.swift in Sources */ = {isa = PBXBuildFile; fileRef = 13D5EA5125DB55BD0028C8F8 /* TopBooksCVC.swift */; };
/* End PBXBuildFile section */

/* Begin PBXContainerItemProxy section */
		1391537E25D1827F00ACFD90 /* PBXContainerItemProxy */ = {
			isa = PBXContainerItemProxy;
			containerPortal = 1391535F25D1827D00ACFD90 /* Project object */;
			proxyType = 1;
			remoteGlobalIDString = 1391536625D1827D00ACFD90;
			remoteInfo = Esm3ny;
		};
		1391538925D1827F00ACFD90 /* PBXContainerItemProxy */ = {
			isa = PBXContainerItemProxy;
			containerPortal = 1391535F25D1827D00ACFD90 /* Project object */;
			proxyType = 1;
			remoteGlobalIDString = 1391536625D1827D00ACFD90;
			remoteInfo = Esm3ny;
		};
/* End PBXContainerItemProxy section */

/* Begin PBXFileReference section */
		1302CD5625D34B58006EA651 /* BookItem.swift */ = {isa = PBXFileReference; lastKnownFileType = sourcecode.swift; path = BookItem.swift; sourceTree = "<group>"; };
		1302CD5E25D35F2C006EA651 /* ContinueBooksCVC.swift */ = {isa = PBXFileReference; lastKnownFileType = sourcecode.swift; path = ContinueBooksCVC.swift; sourceTree = "<group>"; };
		1302CD6325D36CDB006EA651 /* ContinueLisitningHeader.swift */ = {isa = PBXFileReference; lastKnownFileType = sourcecode.swift; path = ContinueLisitningHeader.swift; sourceTree = "<group>"; };
		1302CD6B25D36FC7006EA651 /* Montserrat-SemiBold.ttf */ = {isa = PBXFileReference; lastKnownFileType = file; path = "Montserrat-SemiBold.ttf"; sourceTree = "<group>"; };
		1302CD6C25D36FC7006EA651 /* Montserrat-Bold.ttf */ = {isa = PBXFileReference; lastKnownFileType = file; path = "Montserrat-Bold.ttf"; sourceTree = "<group>"; };
		1302CD6D25D36FC7006EA651 /* Montserrat-Regular.ttf */ = {isa = PBXFileReference; lastKnownFileType = file; path = "Montserrat-Regular.ttf"; sourceTree = "<group>"; };
		1334D1AB25E48D3B00FFD261 /* AudioBookVC.swift */ = {isa = PBXFileReference; lastKnownFileType = sourcecode.swift; path = AudioBookVC.swift; sourceTree = "<group>"; };
		1334D1B025E48FE700FFD261 /* AudioBookView.swift */ = {isa = PBXFileReference; lastKnownFileType = sourcecode.swift; path = AudioBookView.swift; sourceTree = "<group>"; };
		13460AD225E5E025008D4E66 /* UIViewController+Preview.swift .swift */ = {isa = PBXFileReference; lastKnownFileType = sourcecode.swift; path = "UIViewController+Preview.swift .swift"; sourceTree = "<group>"; };
		13460ADA25E5E0AE008D4E66 /* UIView+Preview.swift */ = {isa = PBXFileReference; lastKnownFileType = sourcecode.swift; path = "UIView+Preview.swift"; sourceTree = "<group>"; };
		136B47B725DCA5E6003C5397 /* Montserrat-Medium.ttf */ = {isa = PBXFileReference; lastKnownFileType = file; path = "Montserrat-Medium.ttf"; sourceTree = "<group>"; };
		1391536725D1827D00ACFD90 /* Esm3ny.app */ = {isa = PBXFileReference; explicitFileType = wrapper.application; includeInIndex = 0; path = Esm3ny.app; sourceTree = BUILT_PRODUCTS_DIR; };
		1391536A25D1827D00ACFD90 /* AppDelegate.swift */ = {isa = PBXFileReference; lastKnownFileType = sourcecode.swift; path = AppDelegate.swift; sourceTree = "<group>"; };
		1391536C25D1827D00ACFD90 /* SceneDelegate.swift */ = {isa = PBXFileReference; lastKnownFileType = sourcecode.swift; path = SceneDelegate.swift; sourceTree = "<group>"; };
		1391536E25D1827D00ACFD90 /* AudioBookslistVC.swift */ = {isa = PBXFileReference; lastKnownFileType = sourcecode.swift; path = AudioBookslistVC.swift; sourceTree = "<group>"; };
		1391537325D1827F00ACFD90 /* Assets.xcassets */ = {isa = PBXFileReference; lastKnownFileType = folder.assetcatalog; path = Assets.xcassets; sourceTree = "<group>"; };
		1391537625D1827F00ACFD90 /* Base */ = {isa = PBXFileReference; lastKnownFileType = file.storyboard; name = Base; path = Base.lproj/LaunchScreen.storyboard; sourceTree = "<group>"; };
		1391537825D1827F00ACFD90 /* Info.plist */ = {isa = PBXFileReference; lastKnownFileType = text.plist.xml; path = Info.plist; sourceTree = "<group>"; };
		1391537D25D1827F00ACFD90 /* Esm3nyTests.xctest */ = {isa = PBXFileReference; explicitFileType = wrapper.cfbundle; includeInIndex = 0; path = Esm3nyTests.xctest; sourceTree = BUILT_PRODUCTS_DIR; };
		1391538125D1827F00ACFD90 /* Esm3nyTests.swift */ = {isa = PBXFileReference; lastKnownFileType = sourcecode.swift; path = Esm3nyTests.swift; sourceTree = "<group>"; };
		1391538325D1827F00ACFD90 /* Info.plist */ = {isa = PBXFileReference; lastKnownFileType = text.plist.xml; path = Info.plist; sourceTree = "<group>"; };
		1391538825D1827F00ACFD90 /* Esm3nyUITests.xctest */ = {isa = PBXFileReference; explicitFileType = wrapper.cfbundle; includeInIndex = 0; path = Esm3nyUITests.xctest; sourceTree = BUILT_PRODUCTS_DIR; };
		1391538C25D1827F00ACFD90 /* Esm3nyUITests.swift */ = {isa = PBXFileReference; lastKnownFileType = sourcecode.swift; path = Esm3nyUITests.swift; sourceTree = "<group>"; };
		1391538E25D1827F00ACFD90 /* Info.plist */ = {isa = PBXFileReference; lastKnownFileType = text.plist.xml; path = Info.plist; sourceTree = "<group>"; };
		139153AB25D18A8700ACFD90 /* VerticalStackView.swift */ = {isa = PBXFileReference; fileEncoding = 4; lastKnownFileType = sourcecode.swift; path = VerticalStackView.swift; sourceTree = "<group>"; };
		139153AC25D18A8700ACFD90 /* UIView+Layout.swift */ = {isa = PBXFileReference; fileEncoding = 4; lastKnownFileType = sourcecode.swift; path = "UIView+Layout.swift"; sourceTree = "<group>"; };
		139153AD25D18A8700ACFD90 /* AnchoredConstraints.swift */ = {isa = PBXFileReference; fileEncoding = 4; lastKnownFileType = sourcecode.swift; path = AnchoredConstraints.swift; sourceTree = "<group>"; };
		139153BC25D2D3B800ACFD90 /* Extentions.swift */ = {isa = PBXFileReference; fileEncoding = 4; lastKnownFileType = sourcecode.swift; path = Extentions.swift; sourceTree = "<group>"; };
		13D5EA4325DB4C500028C8F8 /* AKFloatTabBar.swift */ = {isa = PBXFileReference; fileEncoding = 4; lastKnownFileType = sourcecode.swift; path = AKFloatTabBar.swift; sourceTree = "<group>"; };
		13D5EA4425DB4C500028C8F8 /* AKFloatTabBarItem.swift */ = {isa = PBXFileReference; fileEncoding = 4; lastKnownFileType = sourcecode.swift; path = AKFloatTabBarItem.swift; sourceTree = "<group>"; };
		13D5EA5125DB55BD0028C8F8 /* TopBooksCVC.swift */ = {isa = PBXFileReference; lastKnownFileType = sourcecode.swift; path = TopBooksCVC.swift; sourceTree = "<group>"; };
/* End PBXFileReference section */

/* Begin PBXFrameworksBuildPhase section */
		1391536425D1827D00ACFD90 /* Frameworks */ = {
			isa = PBXFrameworksBuildPhase;
			buildActionMask = 2147483647;
			files = (
			);
			runOnlyForDeploymentPostprocessing = 0;
		};
		1391537A25D1827F00ACFD90 /* Frameworks */ = {
			isa = PBXFrameworksBuildPhase;
			buildActionMask = 2147483647;
			files = (
			);
			runOnlyForDeploymentPostprocessing = 0;
		};
		1391538525D1827F00ACFD90 /* Frameworks */ = {
			isa = PBXFrameworksBuildPhase;
			buildActionMask = 2147483647;
			files = (
			);
			runOnlyForDeploymentPostprocessing = 0;
		};
/* End PBXFrameworksBuildPhase section */

/* Begin PBXGroup section */
		1302CD5525D34B32006EA651 /* Model */ = {
			isa = PBXGroup;
			children = (
				1302CD5625D34B58006EA651 /* BookItem.swift */,
			);
			path = Model;
			sourceTree = "<group>";
		};
		1302CD6825D36F4A006EA651 /* Resourses */ = {
			isa = PBXGroup;
			children = (
				1302CD6A25D36F62006EA651 /* Fonts */,
			);
			path = Resourses;
			sourceTree = "<group>";
		};
		1302CD6A25D36F62006EA651 /* Fonts */ = {
			isa = PBXGroup;
			children = (
				1302CD6C25D36FC7006EA651 /* Montserrat-Bold.ttf */,
				1302CD6D25D36FC7006EA651 /* Montserrat-Regular.ttf */,
				1302CD6B25D36FC7006EA651 /* Montserrat-SemiBold.ttf */,
				136B47B725DCA5E6003C5397 /* Montserrat-Medium.ttf */,
			);
			path = Fonts;
			sourceTree = "<group>";
		};
		13460AD125E5E018008D4E66 /* Preview */ = {
			isa = PBXGroup;
			children = (
				13460AD225E5E025008D4E66 /* UIViewController+Preview.swift .swift */,
				13460ADA25E5E0AE008D4E66 /* UIView+Preview.swift */,
			);
			path = Preview;
			sourceTree = "<group>";
		};
		1391535E25D1827D00ACFD90 = {
			isa = PBXGroup;
			children = (
				1391536925D1827D00ACFD90 /* Esm3ny */,
				1391538025D1827F00ACFD90 /* Esm3nyTests */,
				1391538B25D1827F00ACFD90 /* Esm3nyUITests */,
				1391536825D1827D00ACFD90 /* Products */,
			);
			sourceTree = "<group>";
		};
		1391536825D1827D00ACFD90 /* Products */ = {
			isa = PBXGroup;
			children = (
				1391536725D1827D00ACFD90 /* Esm3ny.app */,
				1391537D25D1827F00ACFD90 /* Esm3nyTests.xctest */,
				1391538825D1827F00ACFD90 /* Esm3nyUITests.xctest */,
			);
			name = Products;
			sourceTree = "<group>";
		};
		1391536925D1827D00ACFD90 /* Esm3ny */ = {
			isa = PBXGroup;
			children = (
				1302CD6825D36F4A006EA651 /* Resourses */,
				1302CD5525D34B32006EA651 /* Model */,
				139153AA25D18A7600ACFD90 /* Helpers */,
				139153C525D33B2500ACFD90 /* Views */,
				139153C425D33B1900ACFD90 /* Controllers */,
				1391536A25D1827D00ACFD90 /* AppDelegate.swift */,
				1391536C25D1827D00ACFD90 /* SceneDelegate.swift */,
				1391537325D1827F00ACFD90 /* Assets.xcassets */,
				1391537525D1827F00ACFD90 /* LaunchScreen.storyboard */,
				1391537825D1827F00ACFD90 /* Info.plist */,
			);
			path = Esm3ny;
			sourceTree = "<group>";
		};
		1391538025D1827F00ACFD90 /* Esm3nyTests */ = {
			isa = PBXGroup;
			children = (
				1391538125D1827F00ACFD90 /* Esm3nyTests.swift */,
				1391538325D1827F00ACFD90 /* Info.plist */,
			);
			path = Esm3nyTests;
			sourceTree = "<group>";
		};
		1391538B25D1827F00ACFD90 /* Esm3nyUITests */ = {
			isa = PBXGroup;
			children = (
				1391538C25D1827F00ACFD90 /* Esm3nyUITests.swift */,
				1391538E25D1827F00ACFD90 /* Info.plist */,
			);
			path = Esm3nyUITests;
			sourceTree = "<group>";
		};
		139153AA25D18A7600ACFD90 /* Helpers */ = {
			isa = PBXGroup;
			children = (
				13460AD125E5E018008D4E66 /* Preview */,
				13D5EA4A25DB4C5B0028C8F8 /* FloatTabBar */,
				139153AD25D18A8700ACFD90 /* AnchoredConstraints.swift */,
				139153BC25D2D3B800ACFD90 /* Extentions.swift */,
				139153AC25D18A8700ACFD90 /* UIView+Layout.swift */,
				139153AB25D18A8700ACFD90 /* VerticalStackView.swift */,
			);
			path = Helpers;
			sourceTree = "<group>";
		};
		139153C425D33B1900ACFD90 /* Controllers */ = {
			isa = PBXGroup;
			children = (
				1391536E25D1827D00ACFD90 /* AudioBookslistVC.swift */,
				1334D1AB25E48D3B00FFD261 /* AudioBookVC.swift */,
			);
			path = Controllers;
			sourceTree = "<group>";
		};
		139153C525D33B2500ACFD90 /* Views */ = {
			isa = PBXGroup;
			children = (
				1302CD5E25D35F2C006EA651 /* ContinueBooksCVC.swift */,
				1302CD6325D36CDB006EA651 /* ContinueLisitningHeader.swift */,
				13D5EA5125DB55BD0028C8F8 /* TopBooksCVC.swift */,
				1334D1B025E48FE700FFD261 /* AudioBookView.swift */,
			);
			path = Views;
			sourceTree = "<group>";
		};
		13D5EA4A25DB4C5B0028C8F8 /* FloatTabBar */ = {
			isa = PBXGroup;
			children = (
				13D5EA4325DB4C500028C8F8 /* AKFloatTabBar.swift */,
				13D5EA4425DB4C500028C8F8 /* AKFloatTabBarItem.swift */,
			);
			path = FloatTabBar;
			sourceTree = "<group>";
		};
/* End PBXGroup section */

/* Begin PBXNativeTarget section */
		1391536625D1827D00ACFD90 /* Esm3ny */ = {
			isa = PBXNativeTarget;
			buildConfigurationList = 1391539125D1827F00ACFD90 /* Build configuration list for PBXNativeTarget "Esm3ny" */;
			buildPhases = (
				1391536325D1827D00ACFD90 /* Sources */,
				1391536425D1827D00ACFD90 /* Frameworks */,
				1391536525D1827D00ACFD90 /* Resources */,
			);
			buildRules = (
			);
			dependencies = (
			);
			name = Esm3ny;
			productName = Esm3ny;
			productReference = 1391536725D1827D00ACFD90 /* Esm3ny.app */;
			productType = "com.apple.product-type.application";
		};
		1391537C25D1827F00ACFD90 /* Esm3nyTests */ = {
			isa = PBXNativeTarget;
			buildConfigurationList = 1391539425D1827F00ACFD90 /* Build configuration list for PBXNativeTarget "Esm3nyTests" */;
			buildPhases = (
				1391537925D1827F00ACFD90 /* Sources */,
				1391537A25D1827F00ACFD90 /* Frameworks */,
				1391537B25D1827F00ACFD90 /* Resources */,
			);
			buildRules = (
			);
			dependencies = (
				1391537F25D1827F00ACFD90 /* PBXTargetDependency */,
			);
			name = Esm3nyTests;
			productName = Esm3nyTests;
			productReference = 1391537D25D1827F00ACFD90 /* Esm3nyTests.xctest */;
			productType = "com.apple.product-type.bundle.unit-test";
		};
		1391538725D1827F00ACFD90 /* Esm3nyUITests */ = {
			isa = PBXNativeTarget;
			buildConfigurationList = 1391539725D1827F00ACFD90 /* Build configuration list for PBXNativeTarget "Esm3nyUITests" */;
			buildPhases = (
				1391538425D1827F00ACFD90 /* Sources */,
				1391538525D1827F00ACFD90 /* Frameworks */,
				1391538625D1827F00ACFD90 /* Resources */,
			);
			buildRules = (
			);
			dependencies = (
				1391538A25D1827F00ACFD90 /* PBXTargetDependency */,
			);
			name = Esm3nyUITests;
			productName = Esm3nyUITests;
			productReference = 1391538825D1827F00ACFD90 /* Esm3nyUITests.xctest */;
			productType = "com.apple.product-type.bundle.ui-testing";
		};
/* End PBXNativeTarget section */

/* Begin PBXProject section */
		1391535F25D1827D00ACFD90 /* Project object */ = {
			isa = PBXProject;
			attributes = {
				LastSwiftUpdateCheck = 1200;
				LastUpgradeCheck = 1200;
				TargetAttributes = {
					1391536625D1827D00ACFD90 = {
						CreatedOnToolsVersion = 12.0.1;
					};
					1391537C25D1827F00ACFD90 = {
						CreatedOnToolsVersion = 12.0.1;
						TestTargetID = 1391536625D1827D00ACFD90;
					};
					1391538725D1827F00ACFD90 = {
						CreatedOnToolsVersion = 12.0.1;
						TestTargetID = 1391536625D1827D00ACFD90;
					};
				};
			};
			buildConfigurationList = 1391536225D1827D00ACFD90 /* Build configuration list for PBXProject "Esm3ny" */;
			compatibilityVersion = "Xcode 9.3";
			developmentRegion = en;
			hasScannedForEncodings = 0;
			knownRegions = (
				en,
				Base,
			);
			mainGroup = 1391535E25D1827D00ACFD90;
			productRefGroup = 1391536825D1827D00ACFD90 /* Products */;
			projectDirPath = "";
			projectRoot = "";
			targets = (
				1391536625D1827D00ACFD90 /* Esm3ny */,
				1391537C25D1827F00ACFD90 /* Esm3nyTests */,
				1391538725D1827F00ACFD90 /* Esm3nyUITests */,
			);
		};
/* End PBXProject section */

/* Begin PBXResourcesBuildPhase section */
		1391536525D1827D00ACFD90 /* Resources */ = {
			isa = PBXResourcesBuildPhase;
			buildActionMask = 2147483647;
			files = (
				1302CD6F25D36FC7006EA651 /* Montserrat-Bold.ttf in Resources */,
				1302CD6E25D36FC7006EA651 /* Montserrat-SemiBold.ttf in Resources */,
				1391537725D1827F00ACFD90 /* LaunchScreen.storyboard in Resources */,
				1302CD7025D36FC7006EA651 /* Montserrat-Regular.ttf in Resources */,
				136B47B825DCA5E6003C5397 /* Montserrat-Medium.ttf in Resources */,
				1391537425D1827F00ACFD90 /* Assets.xcassets in Resources */,
			);
			runOnlyForDeploymentPostprocessing = 0;
		};
		1391537B25D1827F00ACFD90 /* Resources */ = {
			isa = PBXResourcesBuildPhase;
			buildActionMask = 2147483647;
			files = (
			);
			runOnlyForDeploymentPostprocessing = 0;
		};
		1391538625D1827F00ACFD90 /* Resources */ = {
			isa = PBXResourcesBuildPhase;
			buildActionMask = 2147483647;
			files = (
			);
			runOnlyForDeploymentPostprocessing = 0;
		};
/* End PBXResourcesBuildPhase section */

/* Begin PBXSourcesBuildPhase section */
		1391536325D1827D00ACFD90 /* Sources */ = {
			isa = PBXSourcesBuildPhase;
			buildActionMask = 2147483647;
			files = (
				1334D1AC25E48D3B00FFD261 /* AudioBookVC.swift in Sources */,
				1391536F25D1827D00ACFD90 /* AudioBookslistVC.swift in Sources */,
				13460ADB25E5E0AE008D4E66 /* UIView+Preview.swift in Sources */,
				1302CD6425D36CDB006EA651 /* ContinueLisitningHeader.swift in Sources */,
				139153AE25D18A8700ACFD90 /* VerticalStackView.swift in Sources */,
				13D5EA4625DB4C500028C8F8 /* AKFloatTabBarItem.swift in Sources */,
				13460AD325E5E025008D4E66 /* UIViewController+Preview.swift .swift in Sources */,
				1391536B25D1827D00ACFD90 /* AppDelegate.swift in Sources */,
				1302CD5725D34B58006EA651 /* BookItem.swift in Sources */,
				13D5EA5225DB55BD0028C8F8 /* TopBooksCVC.swift in Sources */,
				1334D1B125E48FE700FFD261 /* AudioBookView.swift in Sources */,
				1391536D25D1827D00ACFD90 /* SceneDelegate.swift in Sources */,
				139153B025D18A8700ACFD90 /* AnchoredConstraints.swift in Sources */,
				13D5EA4525DB4C500028C8F8 /* AKFloatTabBar.swift in Sources */,
				139153AF25D18A8700ACFD90 /* UIView+Layout.swift in Sources */,
				1302CD5F25D35F2C006EA651 /* ContinueBooksCVC.swift in Sources */,
				139153BD25D2D3B800ACFD90 /* Extentions.swift in Sources */,
			);
			runOnlyForDeploymentPostprocessing = 0;
		};
		1391537925D1827F00ACFD90 /* Sources */ = {
			isa = PBXSourcesBuildPhase;
			buildActionMask = 2147483647;
			files = (
				1391538225D1827F00ACFD90 /* Esm3nyTests.swift in Sources */,
			);
			runOnlyForDeploymentPostprocessing = 0;
		};
		1391538425D1827F00ACFD90 /* Sources */ = {
			isa = PBXSourcesBuildPhase;
			buildActionMask = 2147483647;
			files = (
				1391538D25D1827F00ACFD90 /* Esm3nyUITests.swift in Sources */,
			);
			runOnlyForDeploymentPostprocessing = 0;
		};
/* End PBXSourcesBuildPhase section */

/* Begin PBXTargetDependency section */
		1391537F25D1827F00ACFD90 /* PBXTargetDependency */ = {
			isa = PBXTargetDependency;
			target = 1391536625D1827D00ACFD90 /* Esm3ny */;
			targetProxy = 1391537E25D1827F00ACFD90 /* PBXContainerItemProxy */;
		};
		1391538A25D1827F00ACFD90 /* PBXTargetDependency */ = {
			isa = PBXTargetDependency;
			target = 1391536625D1827D00ACFD90 /* Esm3ny */;
			targetProxy = 1391538925D1827F00ACFD90 /* PBXContainerItemProxy */;
		};
/* End PBXTargetDependency section */

/* Begin PBXVariantGroup section */
		1391537525D1827F00ACFD90 /* LaunchScreen.storyboard */ = {
			isa = PBXVariantGroup;
			children = (
				1391537625D1827F00ACFD90 /* Base */,
			);
			name = LaunchScreen.storyboard;
			sourceTree = "<group>";
		};
/* End PBXVariantGroup section */

/* Begin XCBuildConfiguration section */
		1391538F25D1827F00ACFD90 /* Debug */ = {
			isa = XCBuildConfiguration;
			buildSettings = {
				ALWAYS_SEARCH_USER_PATHS = NO;
				CLANG_ANALYZER_NONNULL = YES;
				CLANG_ANALYZER_NUMBER_OBJECT_CONVERSION = YES_AGGRESSIVE;
				CLANG_CXX_LANGUAGE_STANDARD = "gnu++14";
				CLANG_CXX_LIBRARY = "libc++";
				CLANG_ENABLE_MODULES = YES;
				CLANG_ENABLE_OBJC_ARC = YES;
				CLANG_ENABLE_OBJC_WEAK = YES;
				CLANG_WARN_BLOCK_CAPTURE_AUTORELEASING = YES;
				CLANG_WARN_BOOL_CONVERSION = YES;
				CLANG_WARN_COMMA = YES;
				CLANG_WARN_CONSTANT_CONVERSION = YES;
				CLANG_WARN_DEPRECATED_OBJC_IMPLEMENTATIONS = YES;
				CLANG_WARN_DIRECT_OBJC_ISA_USAGE = YES_ERROR;
				CLANG_WARN_DOCUMENTATION_COMMENTS = YES;
				CLANG_WARN_EMPTY_BODY = YES;
				CLANG_WARN_ENUM_CONVERSION = YES;
				CLANG_WARN_INFINITE_RECURSION = YES;
				CLANG_WARN_INT_CONVERSION = YES;
				CLANG_WARN_NON_LITERAL_NULL_CONVERSION = YES;
				CLANG_WARN_OBJC_IMPLICIT_RETAIN_SELF = YES;
				CLANG_WARN_OBJC_LITERAL_CONVERSION = YES;
				CLANG_WARN_OBJC_ROOT_CLASS = YES_ERROR;
				CLANG_WARN_QUOTED_INCLUDE_IN_FRAMEWORK_HEADER = YES;
				CLANG_WARN_RANGE_LOOP_ANALYSIS = YES;
				CLANG_WARN_STRICT_PROTOTYPES = YES;
				CLANG_WARN_SUSPICIOUS_MOVE = YES;
				CLANG_WARN_UNGUARDED_AVAILABILITY = YES_AGGRESSIVE;
				CLANG_WARN_UNREACHABLE_CODE = YES;
				CLANG_WARN__DUPLICATE_METHOD_MATCH = YES;
				COPY_PHASE_STRIP = NO;
				DEBUG_INFORMATION_FORMAT = dwarf;
				ENABLE_STRICT_OBJC_MSGSEND = YES;
				ENABLE_TESTABILITY = YES;
				GCC_C_LANGUAGE_STANDARD = gnu11;
				GCC_DYNAMIC_NO_PIC = NO;
				GCC_NO_COMMON_BLOCKS = YES;
				GCC_OPTIMIZATION_LEVEL = 0;
				GCC_PREPROCESSOR_DEFINITIONS = (
					"DEBUG=1",
					"$(inherited)",
				);
				GCC_WARN_64_TO_32_BIT_CONVERSION = YES;
				GCC_WARN_ABOUT_RETURN_TYPE = YES_ERROR;
				GCC_WARN_UNDECLARED_SELECTOR = YES;
				GCC_WARN_UNINITIALIZED_AUTOS = YES_AGGRESSIVE;
				GCC_WARN_UNUSED_FUNCTION = YES;
				GCC_WARN_UNUSED_VARIABLE = YES;
				IPHONEOS_DEPLOYMENT_TARGET = 14.0;
				MTL_ENABLE_DEBUG_INFO = INCLUDE_SOURCE;
				MTL_FAST_MATH = YES;
				ONLY_ACTIVE_ARCH = YES;
				SDKROOT = iphoneos;
				SWIFT_ACTIVE_COMPILATION_CONDITIONS = DEBUG;
				SWIFT_OPTIMIZATION_LEVEL = "-Onone";
			};
			name = Debug;
		};
		1391539025D1827F00ACFD90 /* Release */ = {
			isa = XCBuildConfiguration;
			buildSettings = {
				ALWAYS_SEARCH_USER_PATHS = NO;
				CLANG_ANALYZER_NONNULL = YES;
				CLANG_ANALYZER_NUMBER_OBJECT_CONVERSION = YES_AGGRESSIVE;
				CLANG_CXX_LANGUAGE_STANDARD = "gnu++14";
				CLANG_CXX_LIBRARY = "libc++";
				CLANG_ENABLE_MODULES = YES;
				CLANG_ENABLE_OBJC_ARC = YES;
				CLANG_ENABLE_OBJC_WEAK = YES;
				CLANG_WARN_BLOCK_CAPTURE_AUTORELEASING = YES;
				CLANG_WARN_BOOL_CONVERSION = YES;
				CLANG_WARN_COMMA = YES;
				CLANG_WARN_CONSTANT_CONVERSION = YES;
				CLANG_WARN_DEPRECATED_OBJC_IMPLEMENTATIONS = YES;
				CLANG_WARN_DIRECT_OBJC_ISA_USAGE = YES_ERROR;
				CLANG_WARN_DOCUMENTATION_COMMENTS = YES;
				CLANG_WARN_EMPTY_BODY = YES;
				CLANG_WARN_ENUM_CONVERSION = YES;
				CLANG_WARN_INFINITE_RECURSION = YES;
				CLANG_WARN_INT_CONVERSION = YES;
				CLANG_WARN_NON_LITERAL_NULL_CONVERSION = YES;
				CLANG_WARN_OBJC_IMPLICIT_RETAIN_SELF = YES;
				CLANG_WARN_OBJC_LITERAL_CONVERSION = YES;
				CLANG_WARN_OBJC_ROOT_CLASS = YES_ERROR;
				CLANG_WARN_QUOTED_INCLUDE_IN_FRAMEWORK_HEADER = YES;
				CLANG_WARN_RANGE_LOOP_ANALYSIS = YES;
				CLANG_WARN_STRICT_PROTOTYPES = YES;
				CLANG_WARN_SUSPICIOUS_MOVE = YES;
				CLANG_WARN_UNGUARDED_AVAILABILITY = YES_AGGRESSIVE;
				CLANG_WARN_UNREACHABLE_CODE = YES;
				CLANG_WARN__DUPLICATE_METHOD_MATCH = YES;
				COPY_PHASE_STRIP = NO;
				DEBUG_INFORMATION_FORMAT = "dwarf-with-dsym";
				ENABLE_NS_ASSERTIONS = NO;
				ENABLE_STRICT_OBJC_MSGSEND = YES;
				GCC_C_LANGUAGE_STANDARD = gnu11;
				GCC_NO_COMMON_BLOCKS = YES;
				GCC_WARN_64_TO_32_BIT_CONVERSION = YES;
				GCC_WARN_ABOUT_RETURN_TYPE = YES_ERROR;
				GCC_WARN_UNDECLARED_SELECTOR = YES;
				GCC_WARN_UNINITIALIZED_AUTOS = YES_AGGRESSIVE;
				GCC_WARN_UNUSED_FUNCTION = YES;
				GCC_WARN_UNUSED_VARIABLE = YES;
				IPHONEOS_DEPLOYMENT_TARGET = 14.0;
				MTL_ENABLE_DEBUG_INFO = NO;
				MTL_FAST_MATH = YES;
				SDKROOT = iphoneos;
				SWIFT_COMPILATION_MODE = wholemodule;
				SWIFT_OPTIMIZATION_LEVEL = "-O";
				VALIDATE_PRODUCT = YES;
			};
			name = Release;
		};
		1391539225D1827F00ACFD90 /* Debug */ = {
			isa = XCBuildConfiguration;
			buildSettings = {
				ASSETCATALOG_COMPILER_APPICON_NAME = AppIcon;
				ASSETCATALOG_COMPILER_GLOBAL_ACCENT_COLOR_NAME = AccentColor;
				CODE_SIGN_STYLE = Automatic;
				DEVELOPMENT_TEAM = FFX897K9XB;
				INFOPLIST_FILE = Esm3ny/Info.plist;
				LD_RUNPATH_SEARCH_PATHS = (
					"$(inherited)",
					"@executable_path/Frameworks",
				);
				PRODUCT_BUNDLE_IDENTIFIER = AhmadKhalil.Esm3ny;
				PRODUCT_NAME = "$(TARGET_NAME)";
				SWIFT_VERSION = 5.0;
				TARGETED_DEVICE_FAMILY = "1,2";
			};
			name = Debug;
		};
		1391539325D1827F00ACFD90 /* Release */ = {
			isa = XCBuildConfiguration;
			buildSettings = {
				ASSETCATALOG_COMPILER_APPICON_NAME = AppIcon;
				ASSETCATALOG_COMPILER_GLOBAL_ACCENT_COLOR_NAME = AccentColor;
				CODE_SIGN_STYLE = Automatic;
				DEVELOPMENT_TEAM = FFX897K9XB;
				INFOPLIST_FILE = Esm3ny/Info.plist;
				LD_RUNPATH_SEARCH_PATHS = (
					"$(inherited)",
					"@executable_path/Frameworks",
				);
				PRODUCT_BUNDLE_IDENTIFIER = AhmadKhalil.Esm3ny;
				PRODUCT_NAME = "$(TARGET_NAME)";
				SWIFT_VERSION = 5.0;
				TARGETED_DEVICE_FAMILY = "1,2";
			};
			name = Release;
		};
		1391539525D1827F00ACFD90 /* Debug */ = {
			isa = XCBuildConfiguration;
			buildSettings = {
				ALWAYS_EMBED_SWIFT_STANDARD_LIBRARIES = YES;
				BUNDLE_LOADER = "$(TEST_HOST)";
				CODE_SIGN_STYLE = Automatic;
				DEVELOPMENT_TEAM = FFX897K9XB;
				INFOPLIST_FILE = Esm3nyTests/Info.plist;
				IPHONEOS_DEPLOYMENT_TARGET = 14.0;
				LD_RUNPATH_SEARCH_PATHS = (
					"$(inherited)",
					"@executable_path/Frameworks",
					"@loader_path/Frameworks",
				);
				PRODUCT_BUNDLE_IDENTIFIER = AhmadKhalil.Esm3nyTests;
				PRODUCT_NAME = "$(TARGET_NAME)";
				SWIFT_VERSION = 5.0;
				TARGETED_DEVICE_FAMILY = "1,2";
				TEST_HOST = "$(BUILT_PRODUCTS_DIR)/Esm3ny.app/Esm3ny";
			};
			name = Debug;
		};
		1391539625D1827F00ACFD90 /* Release */ = {
			isa = XCBuildConfiguration;
			buildSettings = {
				ALWAYS_EMBED_SWIFT_STANDARD_LIBRARIES = YES;
				BUNDLE_LOADER = "$(TEST_HOST)";
				CODE_SIGN_STYLE = Automatic;
				DEVELOPMENT_TEAM = FFX897K9XB;
				INFOPLIST_FILE = Esm3nyTests/Info.plist;
				IPHONEOS_DEPLOYMENT_TARGET = 14.0;
				LD_RUNPATH_SEARCH_PATHS = (
					"$(inherited)",
					"@executable_path/Frameworks",
					"@loader_path/Frameworks",
				);
				PRODUCT_BUNDLE_IDENTIFIER = AhmadKhalil.Esm3nyTests;
				PRODUCT_NAME = "$(TARGET_NAME)";
				SWIFT_VERSION = 5.0;
				TARGETED_DEVICE_FAMILY = "1,2";
				TEST_HOST = "$(BUILT_PRODUCTS_DIR)/Esm3ny.app/Esm3ny";
			};
			name = Release;
		};
		1391539825D1827F00ACFD90 /* Debug */ = {
			isa = XCBuildConfiguration;
			buildSettings = {
				ALWAYS_EMBED_SWIFT_STANDARD_LIBRARIES = YES;
				CODE_SIGN_STYLE = Automatic;
				DEVELOPMENT_TEAM = FFX897K9XB;
				INFOPLIST_FILE = Esm3nyUITests/Info.plist;
				LD_RUNPATH_SEARCH_PATHS = (
					"$(inherited)",
					"@executable_path/Frameworks",
					"@loader_path/Frameworks",
				);
				PRODUCT_BUNDLE_IDENTIFIER = AhmadKhalil.Esm3nyUITests;
				PRODUCT_NAME = "$(TARGET_NAME)";
				SWIFT_VERSION = 5.0;
				TARGETED_DEVICE_FAMILY = "1,2";
				TEST_TARGET_NAME = Esm3ny;
			};
			name = Debug;
		};
		1391539925D1827F00ACFD90 /* Release */ = {
			isa = XCBuildConfiguration;
			buildSettings = {
				ALWAYS_EMBED_SWIFT_STANDARD_LIBRARIES = YES;
				CODE_SIGN_STYLE = Automatic;
				DEVELOPMENT_TEAM = FFX897K9XB;
				INFOPLIST_FILE = Esm3nyUITests/Info.plist;
				LD_RUNPATH_SEARCH_PATHS = (
					"$(inherited)",
					"@executable_path/Frameworks",
					"@loader_path/Frameworks",
				);
				PRODUCT_BUNDLE_IDENTIFIER = AhmadKhalil.Esm3nyUITests;
				PRODUCT_NAME = "$(TARGET_NAME)";
				SWIFT_VERSION = 5.0;
				TARGETED_DEVICE_FAMILY = "1,2";
				TEST_TARGET_NAME = Esm3ny;
			};
			name = Release;
		};
/* End XCBuildConfiguration section */

/* Begin XCConfigurationList section */
		1391536225D1827D00ACFD90 /* Build configuration list for PBXProject "Esm3ny" */ = {
			isa = XCConfigurationList;
			buildConfigurations = (
				1391538F25D1827F00ACFD90 /* Debug */,
				1391539025D1827F00ACFD90 /* Release */,
			);
			defaultConfigurationIsVisible = 0;
			defaultConfigurationName = Release;
		};
		1391539125D1827F00ACFD90 /* Build configuration list for PBXNativeTarget "Esm3ny" */ = {
			isa = XCConfigurationList;
			buildConfigurations = (
				1391539225D1827F00ACFD90 /* Debug */,
				1391539325D1827F00ACFD90 /* Release */,
			);
			defaultConfigurationIsVisible = 0;
			defaultConfigurationName = Release;
		};
		1391539425D1827F00ACFD90 /* Build configuration list for PBXNativeTarget "Esm3nyTests" */ = {
			isa = XCConfigurationList;
			buildConfigurations = (
				1391539525D1827F00ACFD90 /* Debug */,
				1391539625D1827F00ACFD90 /* Release */,
			);
			defaultConfigurationIsVisible = 0;
			defaultConfigurationName = Release;
		};
		1391539725D1827F00ACFD90 /* Build configuration list for PBXNativeTarget "Esm3nyUITests" */ = {
			isa = XCConfigurationList;
			buildConfigurations = (
				1391539825D1827F00ACFD90 /* Debug */,
				1391539925D1827F00ACFD90 /* Release */,
			);
			defaultConfigurationIsVisible = 0;
			defaultConfigurationName = Release;
		};
/* End XCConfigurationList section */
	};
	rootObject = 1391535F25D1827D00ACFD90 /* Project object */;
}
